
Microsoft Visual Studio Solution File, Format Version 12.00
# Visual Studio Version 17
VisualStudioVersion = 17.5.33414.496
MinimumVisualStudioVersion = 10.0.40219.1
Project("{9A19103F-16F7-4668-BE54-9A1E7A4F7556}") = "Client", "Client\Client.csproj", "{E506E5E5-8882-482C-BB27-AD07A7077FF3}"
EndProject
Project("{9A19103F-16F7-4668-BE54-9A1E7A4F7556}") = "TCPServer", "TCPServer\TCPServer.csproj", "{AAA84CED-41FB-40D1-A8FE-E8FACBE6BE76}"
EndProject
Global
	GlobalSection(SolutionConfigurationPlatforms) = preSolution
		Debug|Any CPU = Debug|Any CPU
		Release|Any CPU = Release|Any CPU
	EndGlobalSection
	GlobalSection(ProjectConfigurationPlatforms) = postSolution
		{E506E5E5-8882-482C-BB27-AD07A7077FF3}.Debug|Any CPU.ActiveCfg = Debug|Any CPU
		{E506E5E5-8882-482C-BB27-AD07A7077FF3}.Debug|Any CPU.Build.0 = Debug|Any CPU
		{E506E5E5-8882-482C-BB27-AD07A7077FF3}.Release|Any CPU.ActiveCfg = Release|Any CPU
		{E506E5E5-8882-482C-BB27-AD07A7077FF3}.Release|Any CPU.Build.0 = Release|Any CPU
		{AAA84CED-41FB-40D1-A8FE-E8FACBE6BE76}.Debug|Any CPU.ActiveCfg = Debug|Any CPU
		{AAA84CED-41FB-40D1-A8FE-E8FACBE6BE76}.Debug|Any CPU.Build.0 = Debug|Any CPU
		{AAA84CED-41FB-40D1-A8FE-E8FACBE6BE76}.Release|Any CPU.ActiveCfg = Release|Any CPU
		{AAA84CED-41FB-40D1-A8FE-E8FACBE6BE76}.Release|Any CPU.Build.0 = Release|Any CPU
	EndGlobalSection
	GlobalSection(SolutionProperties) = preSolution
		HideSolutionNode = FALSE
	EndGlobalSection
	GlobalSection(ExtensibilityGlobals) = postSolution
		SolutionGuid = {FA8FDE5E-104E-4F1D-B3EC-E4763E16BC42}
	EndGlobalSection
EndGlobal
